
Microsoft Visual Studio Solution File, Format Version 12.00
# Visual Studio 15
Project("{FAE04EC0-301F-11D3-BF4B-00C04F79EFBC}") = "TargetAudience.Common", "TargetAudience.Common\TargetAudience.Common.csproj", "{9E748E53-E7CF-4AA1-ABA2-BB45C27BA7EE}"
EndProject
Project("{FAE04EC0-301F-11D3-BF4B-00C04F79EFBC}") = "TargetAudienceClient.Android", "TargetAudienceClient.Android\TargetAudienceClient.Android.csproj", "{21A0EE0E-68A2-4632-BD6C-C160FD4A9837}"
EndProject
Project("{FAE04EC0-301F-11D3-BF4B-00C04F79EFBC}") = "TargetAudienceClient.iOS", "TargetAudienceClient.iOS\TargetAudienceClient.iOS.csproj", "{E2526249-E83B-437C-8715-4D89C9673451}"
EndProject
Project("{FAE04EC0-301F-11D3-BF4B-00C04F79EFBC}") = "TargetAudienceClient.UITests", "TargetAudienceClient.UITests\TargetAudienceClient.UITests.csproj", "{B19C892E-2628-4CA7-AD27-08D406A3B14B}"
EndProject
Project("{FAE04EC0-301F-11D3-BF4B-00C04F79EFBC}") = "TargetAudienceClient", "TargetAudienceClient\TargetAudienceClient.csproj", "{9E13AD3B-1424-4489-85BD-E95C3693C2A8}"
EndProject
Project("{2150E333-8FDC-42A3-9474-1A3956D46DE8}") = "App", "App", "{A2391CE6-E598-40A0-86D0-E7C3532BC5CE}"
EndProject
Project("{FAE04EC0-301F-11D3-BF4B-00C04F79EFBC}") = "TargetAudience.Functions", "TargetAudience.Functions\TargetAudience.Functions.csproj", "{AE029CD1-A2FB-4FDE-9455-A2517E4C753A}"
EndProject
Global
	GlobalSection(SolutionConfigurationPlatforms) = preSolution
		Debug|Any CPU = Debug|Any CPU
		Release|Any CPU = Release|Any CPU
		Debug|iPhoneSimulator = Debug|iPhoneSimulator
		Release|iPhoneSimulator = Release|iPhoneSimulator
		Debug|iPhone = Debug|iPhone
		Release|iPhone = Release|iPhone
	EndGlobalSection
	GlobalSection(ProjectConfigurationPlatforms) = postSolution
		{9E748E53-E7CF-4AA1-ABA2-BB45C27BA7EE}.Debug|Any CPU.ActiveCfg = Debug|Any CPU
		{9E748E53-E7CF-4AA1-ABA2-BB45C27BA7EE}.Debug|Any CPU.Build.0 = Debug|Any CPU
		{9E748E53-E7CF-4AA1-ABA2-BB45C27BA7EE}.Release|Any CPU.ActiveCfg = Release|Any CPU
		{9E748E53-E7CF-4AA1-ABA2-BB45C27BA7EE}.Release|Any CPU.Build.0 = Release|Any CPU
		{9E748E53-E7CF-4AA1-ABA2-BB45C27BA7EE}.Debug|iPhoneSimulator.ActiveCfg = Debug|Any CPU
		{9E748E53-E7CF-4AA1-ABA2-BB45C27BA7EE}.Debug|iPhoneSimulator.Build.0 = Debug|Any CPU
		{9E748E53-E7CF-4AA1-ABA2-BB45C27BA7EE}.Release|iPhoneSimulator.ActiveCfg = Release|Any CPU
		{9E748E53-E7CF-4AA1-ABA2-BB45C27BA7EE}.Release|iPhoneSimulator.Build.0 = Release|Any CPU
		{9E748E53-E7CF-4AA1-ABA2-BB45C27BA7EE}.Debug|iPhone.ActiveCfg = Debug|Any CPU
		{9E748E53-E7CF-4AA1-ABA2-BB45C27BA7EE}.Debug|iPhone.Build.0 = Debug|Any CPU
		{9E748E53-E7CF-4AA1-ABA2-BB45C27BA7EE}.Release|iPhone.ActiveCfg = Release|Any CPU
		{9E748E53-E7CF-4AA1-ABA2-BB45C27BA7EE}.Release|iPhone.Build.0 = Release|Any CPU
		{21A0EE0E-68A2-4632-BD6C-C160FD4A9837}.Debug|Any CPU.ActiveCfg = Debug|Any CPU
		{21A0EE0E-68A2-4632-BD6C-C160FD4A9837}.Debug|Any CPU.Build.0 = Debug|Any CPU
		{21A0EE0E-68A2-4632-BD6C-C160FD4A9837}.Release|Any CPU.ActiveCfg = Release|Any CPU
		{21A0EE0E-68A2-4632-BD6C-C160FD4A9837}.Release|Any CPU.Build.0 = Release|Any CPU
		{21A0EE0E-68A2-4632-BD6C-C160FD4A9837}.Debug|iPhoneSimulator.ActiveCfg = Debug|Any CPU
		{21A0EE0E-68A2-4632-BD6C-C160FD4A9837}.Debug|iPhoneSimulator.Build.0 = Debug|Any CPU
		{21A0EE0E-68A2-4632-BD6C-C160FD4A9837}.Release|iPhoneSimulator.ActiveCfg = Release|Any CPU
		{21A0EE0E-68A2-4632-BD6C-C160FD4A9837}.Release|iPhoneSimulator.Build.0 = Release|Any CPU
		{21A0EE0E-68A2-4632-BD6C-C160FD4A9837}.Debug|iPhone.ActiveCfg = Debug|Any CPU
		{21A0EE0E-68A2-4632-BD6C-C160FD4A9837}.Debug|iPhone.Build.0 = Debug|Any CPU
		{21A0EE0E-68A2-4632-BD6C-C160FD4A9837}.Release|iPhone.ActiveCfg = Release|Any CPU
		{21A0EE0E-68A2-4632-BD6C-C160FD4A9837}.Release|iPhone.Build.0 = Release|Any CPU
		{E2526249-E83B-437C-8715-4D89C9673451}.Debug|Any CPU.ActiveCfg = Debug|iPhoneSimulator
		{E2526249-E83B-437C-8715-4D89C9673451}.Debug|Any CPU.Build.0 = Debug|iPhoneSimulator
		{E2526249-E83B-437C-8715-4D89C9673451}.Release|Any CPU.ActiveCfg = Release|iPhoneSimulator
		{E2526249-E83B-437C-8715-4D89C9673451}.Release|Any CPU.Build.0 = Release|iPhoneSimulator
		{E2526249-E83B-437C-8715-4D89C9673451}.Debug|iPhoneSimulator.ActiveCfg = Debug|iPhoneSimulator
		{E2526249-E83B-437C-8715-4D89C9673451}.Debug|iPhoneSimulator.Build.0 = Debug|iPhoneSimulator
		{E2526249-E83B-437C-8715-4D89C9673451}.Release|iPhoneSimulator.ActiveCfg = Release|iPhoneSimulator
		{E2526249-E83B-437C-8715-4D89C9673451}.Release|iPhoneSimulator.Build.0 = Release|iPhoneSimulator
		{E2526249-E83B-437C-8715-4D89C9673451}.Debug|iPhone.ActiveCfg = Debug|iPhone
		{E2526249-E83B-437C-8715-4D89C9673451}.Debug|iPhone.Build.0 = Debug|iPhone
		{E2526249-E83B-437C-8715-4D89C9673451}.Release|iPhone.ActiveCfg = Release|iPhone
		{E2526249-E83B-437C-8715-4D89C9673451}.Release|iPhone.Build.0 = Release|iPhone
		{B19C892E-2628-4CA7-AD27-08D406A3B14B}.Debug|Any CPU.ActiveCfg = Debug|Any CPU
		{B19C892E-2628-4CA7-AD27-08D406A3B14B}.Debug|Any CPU.Build.0 = Debug|Any CPU
		{B19C892E-2628-4CA7-AD27-08D406A3B14B}.Release|Any CPU.ActiveCfg = Release|Any CPU
		{B19C892E-2628-4CA7-AD27-08D406A3B14B}.Release|Any CPU.Build.0 = Release|Any CPU
		{B19C892E-2628-4CA7-AD27-08D406A3B14B}.Debug|iPhoneSimulator.ActiveCfg = Debug|Any CPU
		{B19C892E-2628-4CA7-AD27-08D406A3B14B}.Debug|iPhoneSimulator.Build.0 = Debug|Any CPU
		{B19C892E-2628-4CA7-AD27-08D406A3B14B}.Release|iPhoneSimulator.ActiveCfg = Release|Any CPU
		{B19C892E-2628-4CA7-AD27-08D406A3B14B}.Release|iPhoneSimulator.Build.0 = Release|Any CPU
		{B19C892E-2628-4CA7-AD27-08D406A3B14B}.Debug|iPhone.ActiveCfg = Debug|Any CPU
		{B19C892E-2628-4CA7-AD27-08D406A3B14B}.Debug|iPhone.Build.0 = Debug|Any CPU
		{B19C892E-2628-4CA7-AD27-08D406A3B14B}.Release|iPhone.ActiveCfg = Release|Any CPU
		{B19C892E-2628-4CA7-AD27-08D406A3B14B}.Release|iPhone.Build.0 = Release|Any CPU
		{9E13AD3B-1424-4489-85BD-E95C3693C2A8}.Debug|Any CPU.ActiveCfg = Debug|Any CPU
		{9E13AD3B-1424-4489-85BD-E95C3693C2A8}.Debug|Any CPU.Build.0 = Debug|Any CPU
		{9E13AD3B-1424-4489-85BD-E95C3693C2A8}.Release|Any CPU.ActiveCfg = Release|Any CPU
		{9E13AD3B-1424-4489-85BD-E95C3693C2A8}.Release|Any CPU.Build.0 = Release|Any CPU
		{9E13AD3B-1424-4489-85BD-E95C3693C2A8}.Debug|iPhoneSimulator.ActiveCfg = Debug|Any CPU
		{9E13AD3B-1424-4489-85BD-E95C3693C2A8}.Debug|iPhoneSimulator.Build.0 = Debug|Any CPU
		{9E13AD3B-1424-4489-85BD-E95C3693C2A8}.Release|iPhoneSimulator.ActiveCfg = Release|Any CPU
		{9E13AD3B-1424-4489-85BD-E95C3693C2A8}.Release|iPhoneSimulator.Build.0 = Release|Any CPU
		{9E13AD3B-1424-4489-85BD-E95C3693C2A8}.Debug|iPhone.ActiveCfg = Debug|Any CPU
		{9E13AD3B-1424-4489-85BD-E95C3693C2A8}.Debug|iPhone.Build.0 = Debug|Any CPU
		{9E13AD3B-1424-4489-85BD-E95C3693C2A8}.Release|iPhone.ActiveCfg = Release|Any CPU
		{9E13AD3B-1424-4489-85BD-E95C3693C2A8}.Release|iPhone.Build.0 = Release|Any CPU
		{AE029CD1-A2FB-4FDE-9455-A2517E4C753A}.Debug|Any CPU.ActiveCfg = Debug|Any CPU
		{AE029CD1-A2FB-4FDE-9455-A2517E4C753A}.Debug|Any CPU.Build.0 = Debug|Any CPU
		{AE029CD1-A2FB-4FDE-9455-A2517E4C753A}.Release|Any CPU.ActiveCfg = Release|Any CPU
		{AE029CD1-A2FB-4FDE-9455-A2517E4C753A}.Release|Any CPU.Build.0 = Release|Any CPU
		{AE029CD1-A2FB-4FDE-9455-A2517E4C753A}.Debug|iPhoneSimulator.ActiveCfg = Debug|Any CPU
		{AE029CD1-A2FB-4FDE-9455-A2517E4C753A}.Debug|iPhoneSimulator.Build.0 = Debug|Any CPU
		{AE029CD1-A2FB-4FDE-9455-A2517E4C753A}.Release|iPhoneSimulator.ActiveCfg = Release|Any CPU
		{AE029CD1-A2FB-4FDE-9455-A2517E4C753A}.Release|iPhoneSimulator.Build.0 = Release|Any CPU
		{AE029CD1-A2FB-4FDE-9455-A2517E4C753A}.Debug|iPhone.ActiveCfg = Debug|Any CPU
		{AE029CD1-A2FB-4FDE-9455-A2517E4C753A}.Debug|iPhone.Build.0 = Debug|Any CPU
		{AE029CD1-A2FB-4FDE-9455-A2517E4C753A}.Release|iPhone.ActiveCfg = Release|Any CPU
		{AE029CD1-A2FB-4FDE-9455-A2517E4C753A}.Release|iPhone.Build.0 = Release|Any CPU
	EndGlobalSection
	GlobalSection(NestedProjects) = preSolution
		{9E13AD3B-1424-4489-85BD-E95C3693C2A8} = {A2391CE6-E598-40A0-86D0-E7C3532BC5CE}
		{21A0EE0E-68A2-4632-BD6C-C160FD4A9837} = {A2391CE6-E598-40A0-86D0-E7C3532BC5CE}
		{E2526249-E83B-437C-8715-4D89C9673451} = {A2391CE6-E598-40A0-86D0-E7C3532BC5CE}
		{B19C892E-2628-4CA7-AD27-08D406A3B14B} = {A2391CE6-E598-40A0-86D0-E7C3532BC5CE}
	EndGlobalSection
EndGlobal
