
Microsoft Visual Studio Solution File, Format Version 12.00
# Visual Studio 15
Project("{FAE04EC0-301F-11D3-BF4B-00C04F79EFBC}") = "TargetAudience.Common", "TargetAudience.Common\TargetAudience.Common.csproj", "{9E748E53-E7CF-4AA1-ABA2-BB45C27BA7EE}"
EndProject
Project("{FAE04EC0-301F-11D3-BF4B-00C04F79EFBC}") = "TargetAudience.Functions", "TargetAudience.Functions\TargetAudience.Functions.csproj", "{93F99E98-11CD-4891-8004-27D12B970454}"
EndProject
Global
	GlobalSection(SolutionConfigurationPlatforms) = preSolution
		Debug|Any CPU = Debug|Any CPU
		Release|Any CPU = Release|Any CPU
	EndGlobalSection
	GlobalSection(ProjectConfigurationPlatforms) = postSolution
		{9E748E53-E7CF-4AA1-ABA2-BB45C27BA7EE}.Debug|Any CPU.ActiveCfg = Debug|Any CPU
		{9E748E53-E7CF-4AA1-ABA2-BB45C27BA7EE}.Debug|Any CPU.Build.0 = Debug|Any CPU
		{9E748E53-E7CF-4AA1-ABA2-BB45C27BA7EE}.Release|Any CPU.ActiveCfg = Release|Any CPU
		{9E748E53-E7CF-4AA1-ABA2-BB45C27BA7EE}.Release|Any CPU.Build.0 = Release|Any CPU
		{93F99E98-11CD-4891-8004-27D12B970454}.Debug|Any CPU.ActiveCfg = Debug|Any CPU
		{93F99E98-11CD-4891-8004-27D12B970454}.Debug|Any CPU.Build.0 = Debug|Any CPU
		{93F99E98-11CD-4891-8004-27D12B970454}.Release|Any CPU.ActiveCfg = Release|Any CPU
		{93F99E98-11CD-4891-8004-27D12B970454}.Release|Any CPU.Build.0 = Release|Any CPU
	EndGlobalSection
EndGlobal
